{
  "nodes": {
    "advisory-db": {
      "flake": false,
      "locked": {
        "lastModified": 1779575509,
        "narHash": "sha256-wXKYURZz76ZC5lbuDA1oVQA/MxSB3pSJ1raF1HG0oIc=",
        "owner": "rustsec",
        "repo": "advisory-db",
        "rev": "831c50f4a4304068f125e603add6a8839f08b3eb",
        "type": "github"
      },
      "original": {
        "owner": "rustsec",
        "repo": "advisory-db",
        "type": "github"
      }
    },
    "crane": {
      "locked": {
        "lastModified": 1779130139,
        "narHash": "sha256-BLrtr42azquO7MdGFU5a7KiMl3YpFlTeIXqy1fT5GlQ=",
        "owner": "ipetkov",
        "repo": "crane",
        "rev": "edb38893982a3338972bb4a2ec7ce7c29ba10fd9",
        "type": "github"
      },
      "original": {
        "owner": "ipetkov",
        "repo": "crane",
        "type": "github"
      }
    },
    "flake-utils": {
      "inputs": {
        "systems": "systems"
      },
      "locked": {
        "lastModified": 1731533236,
        "narHash": "sha256-l0KFg5HjrsfsO/JpG+r7fRrqm12kzFHyUHqHCVpMMbI=",
        "owner": "numtide",
        "repo": "flake-utils",
        "rev": "11707dc2f618dd54ca8739b309ec4fc024de578b",
        "type": "github"
      },
      "original": {
        "owner": "numtide",
        "repo": "flake-utils",
        "type": "github"
      }
    },
    "flake-utils_2": {
      "inputs": {
        "systems": "systems_2"
      },
      "locked": {
        "lastModified": 1731533236,
        "narHash": "sha256-l0KFg5HjrsfsO/JpG+r7fRrqm12kzFHyUHqHCVpMMbI=",
        "owner": "numtide",
        "repo": "flake-utils",
        "rev": "11707dc2f618dd54ca8739b309ec4fc024de578b",
        "type": "github"
      },
      "original": {
        "owner": "numtide",
        "repo": "flake-utils",
        "type": "github"
      }
    },
    "mnn": {
      "flake": false,
      "locked": {
        "lastModified": 1775552119,
        "narHash": "sha256-R6JKxs9sw/LVYLiYv56uwoxJ48RyAj2t/bOUGT/AlMo=",
        "owner": "alibaba",
        "repo": "MNN",
        "rev": "c35f14f3ab5cb65094863b9a0e888370b027a670",
        "type": "github"
      },
      "original": {
        "owner": "alibaba",
        "ref": "3.5.0",
        "repo": "MNN",
        "type": "github"
      }
    },
    "mnn-overlay": {
      "inputs": {
        "flake-utils": "flake-utils_2",
        "mnn": "mnn",
        "nixpkgs": [
          "nixpkgs"
        ]
      },
      "locked": {
        "lastModified": 1779129380,
        "narHash": "sha256-cB1LXY6ugxgEKGpu3p83obCxj05XX7MaZVwFioDTvRM=",
        "owner": "uttarayan21",
        "repo": "mnn-nix-overlay",
        "rev": "0cae304c7bca2f2984a673432ac270e6e67d0932",
        "type": "github"
      },
      "original": {
        "owner": "uttarayan21",
        "repo": "mnn-nix-overlay",
        "type": "github"
      }
    },
    "mnn-src": {
      "flake": false,
      "locked": {
        "lastModified": 1772716827,
        "narHash": "sha256-Q0mz/98TT+lpIYpTz3Wt99OdV4yOFzhkD+N025agP20=",
        "owner": "alibaba",
        "repo": "MNN",
        "rev": "6b1db4c2eacf8193e6b7a1841acb6e31a1938e82",
        "type": "github"
      },
      "original": {
        "owner": "alibaba",
        "ref": "3.4.1",
        "repo": "MNN",
        "type": "github"
      }
    },
    "nix-github-actions": {
      "inputs": {
        "nixpkgs": [
          "nixpkgs"
        ]
      },
      "locked": {
        "lastModified": 1772695854,
        "narHash": "sha256-q0u3E1o369mkGD0rCO4Dk5DkscMU0QcsD0IXOEZWlU8=",
        "owner": "uttarayan21",
        "repo": "nix-github-actions",
        "rev": "ea18399aea9521b7632d98ab2a7d4706f6dd6358",
        "type": "github"
      },
      "original": {
        "owner": "uttarayan21",
        "repo": "nix-github-actions",
        "type": "github"
      }
    },
    "nixpkgs": {
      "locked": {
        "lastModified": 1779560665,
        "narHash": "sha256-tpyBcxPpcQb8ukyNF7DoCwfSY3VPsxHoYwj00Cayv5o=",
        "owner": "nixos",
        "repo": "nixpkgs",
        "rev": "64c08a7ca051951c8eae34e3e3cb1e202fe36786",
        "type": "github"
      },
      "original": {
        "owner": "nixos",
        "ref": "nixos-unstable",
        "repo": "nixpkgs",
        "type": "github"
      }
    },
    "nixpkgs-stable": {
      "locked": {
        "lastModified": 1764521362,
        "narHash": "sha256-M101xMtWdF1eSD0xhiR8nG8CXRlHmv6V+VoY65Smwf4=",
        "owner": "nixos",
        "repo": "nixpkgs",
        "rev": "871b9fd269ff6246794583ce4ee1031e1da71895",
        "type": "github"
      },
      "original": {
        "owner": "nixos",
        "ref": "25.11",
        "repo": "nixpkgs",
        "type": "github"
      }
    },
    "root": {
      "inputs": {
        "advisory-db": "advisory-db",
        "crane": "crane",
        "flake-utils": "flake-utils",
        "mnn-overlay": "mnn-overlay",
        "mnn-src": "mnn-src",
        "nix-github-actions": "nix-github-actions",
        "nixpkgs": "nixpkgs",
        "nixpkgs-stable": "nixpkgs-stable",
        "rust-overlay": "rust-overlay"
      }
    },
    "rust-overlay": {
      "inputs": {
        "nixpkgs": [
          "nixpkgs"
        ]
      },
      "locked": {
        "lastModified": 1779765539,
        "narHash": "sha256-2QxuD5gJcfCFsnqv54LGEHQKvd+K+DW/ecERwAvuA7w=",
        "owner": "oxalica",
        "repo": "rust-overlay",
        "rev": "09889992e640378f7008c3302b9d4892579df610",
        "type": "github"
      },
      "original": {
        "owner": "oxalica",
        "repo": "rust-overlay",
        "type": "github"
      }
    },
    "systems": {
      "locked": {
        "lastModified": 1681028828,
        "narHash": "sha256-Vy1rq5AaRuLzOxct8nz4T6wlgyUR7zLU309k9mBC768=",
        "owner": "nix-systems",
        "repo": "default",
        "rev": "da67096a3b9bf56a91d16901293e51ba5b49a27e",
        "type": "github"
      },
      "original": {
        "owner": "nix-systems",
        "repo": "default",
        "type": "github"
      }
    },
    "systems_2": {
      "locked": {
        "lastModified": 1681028828,
        "narHash": "sha256-Vy1rq5AaRuLzOxct8nz4T6wlgyUR7zLU309k9mBC768=",
        "owner": "nix-systems",
        "repo": "default",
        "rev": "da67096a3b9bf56a91d16901293e51ba5b49a27e",
        "type": "github"
      },
      "original": {
        "owner": "nix-systems",
        "repo": "default",
        "type": "github"
      }
    }
  },
  "root": "root",
  "version": 7
}
